{
  "version": 3,
  "targets": {
    "net8.0": {
      "dotnet-trace/7.0.447801": {
        "type": "package"
      }
    },
    "net8.0/any": {
      "dotnet-trace/7.0.447801": {
        "type": "package",
        "tools": {
          "tools/net6.0/any/Dia2Lib.dll": {},
          "tools/net6.0/any/DotnetToolSettings.xml": {},
          "tools/net6.0/any/Microsoft.Diagnostics.FastSerialization.dll": {},
          "tools/net6.0/any/Microsoft.Diagnostics.NETCore.Client.dll": {},
          "tools/net6.0/any/Microsoft.Diagnostics.NETCore.Client.pdb": {},
          "tools/net6.0/any/Microsoft.Diagnostics.NETCore.Client.xml": {},
          "tools/net6.0/any/Microsoft.Diagnostics.Tracing.TraceEvent.dll": {},
          "tools/net6.0/any/Microsoft.Extensions.DependencyInjection.Abstractions.dll": {},
          "tools/net6.0/any/Microsoft.Extensions.DependencyInjection.dll": {},
          "tools/net6.0/any/Microsoft.Extensions.Logging.Abstractions.dll": {},
          "tools/net6.0/any/Microsoft.Extensions.Logging.dll": {},
          "tools/net6.0/any/Microsoft.Extensions.Options.dll": {},
          "tools/net6.0/any/Microsoft.Extensions.Primitives.dll": {},
          "tools/net6.0/any/OSExtensions.dll": {},
          "tools/net6.0/any/System.CommandLine.Rendering.dll": {},
          "tools/net6.0/any/System.CommandLine.dll": {},
          "tools/net6.0/any/TraceReloggerLib.dll": {},
          "tools/net6.0/any/amd64/KernelTraceControl.dll": {},
          "tools/net6.0/any/amd64/msdia140.dll": {},
          "tools/net6.0/any/amd64/msvcp140.dll": {},
          "tools/net6.0/any/amd64/vcruntime140.dll": {},
          "tools/net6.0/any/amd64/vcruntime140_1.dll": {},
          "tools/net6.0/any/arm64/KernelTraceControl.dll": {},
          "tools/net6.0/any/arm64/msdia140.dll": {},
          "tools/net6.0/any/arm64/msvcp140.dll": {},
          "tools/net6.0/any/arm64/vcruntime140.dll": {},
          "tools/net6.0/any/arm64/vcruntime140_1.dll": {},
          "tools/net6.0/any/dotnet-trace.deps.json": {},
          "tools/net6.0/any/dotnet-trace.dll": {},
          "tools/net6.0/any/dotnet-trace.pdb": {},
          "tools/net6.0/any/dotnet-trace.runtimeconfig.json": {},
          "tools/net6.0/any/shims/osx-x64/dotnet-trace": {},
          "tools/net6.0/any/shims/win-arm/dotnet-trace.exe": {},
          "tools/net6.0/any/shims/win-x64/dotnet-trace.exe": {},
          "tools/net6.0/any/shims/win-x86/dotnet-trace.exe": {},
          "tools/net6.0/any/x86/KernelTraceControl.Win61.dll": {},
          "tools/net6.0/any/x86/KernelTraceControl.dll": {},
          "tools/net6.0/any/x86/msdia140.dll": {},
          "tools/net6.0/any/x86/msvcp140.dll": {},
          "tools/net6.0/any/x86/vcruntime140.dll": {}
        }
      }
    }
  },
  "libraries": {
    "dotnet-trace/7.0.447801": {
      "sha512": "8RDvpshvhdsISxoT+TeaeZMR+XaZ+9+6c1Z4oOdsjK6w3d8Tfj6vBC8zfXBCIthDbcsamPvtwCijxo4LQ6u+/Q==",
      "type": "package",
      "path": "dotnet-trace/7.0.447801",
      "hasTools": true,
      "files": [
        ".nupkg.metadata",
        ".signature.p7s",
        "Icon.png",
        "dotnet-trace.7.0.447801.nupkg.sha512",
        "dotnet-trace.nuspec",
        "tools/net6.0/any/Dia2Lib.dll",
        "tools/net6.0/any/DotnetToolSettings.xml",
        "tools/net6.0/any/Microsoft.Diagnostics.FastSerialization.dll",
        "tools/net6.0/any/Microsoft.Diagnostics.NETCore.Client.dll",
        "tools/net6.0/any/Microsoft.Diagnostics.NETCore.Client.pdb",
        "tools/net6.0/any/Microsoft.Diagnostics.NETCore.Client.xml",
        "tools/net6.0/any/Microsoft.Diagnostics.Tracing.TraceEvent.dll",
        "tools/net6.0/any/Microsoft.Extensions.DependencyInjection.Abstractions.dll",
        "tools/net6.0/any/Microsoft.Extensions.DependencyInjection.dll",
        "tools/net6.0/any/Microsoft.Extensions.Logging.Abstractions.dll",
        "tools/net6.0/any/Microsoft.Extensions.Logging.dll",
        "tools/net6.0/any/Microsoft.Extensions.Options.dll",
        "tools/net6.0/any/Microsoft.Extensions.Primitives.dll",
        "tools/net6.0/any/OSExtensions.dll",
        "tools/net6.0/any/System.CommandLine.Rendering.dll",
        "tools/net6.0/any/System.CommandLine.dll",
        "tools/net6.0/any/TraceReloggerLib.dll",
        "tools/net6.0/any/amd64/KernelTraceControl.dll",
        "tools/net6.0/any/amd64/msdia140.dll",
        "tools/net6.0/any/amd64/msvcp140.dll",
        "tools/net6.0/any/amd64/vcruntime140.dll",
        "tools/net6.0/any/amd64/vcruntime140_1.dll",
        "tools/net6.0/any/arm64/KernelTraceControl.dll",
        "tools/net6.0/any/arm64/msdia140.dll",
        "tools/net6.0/any/arm64/msvcp140.dll",
        "tools/net6.0/any/arm64/vcruntime140.dll",
        "tools/net6.0/any/arm64/vcruntime140_1.dll",
        "tools/net6.0/any/dotnet-trace.deps.json",
        "tools/net6.0/any/dotnet-trace.dll",
        "tools/net6.0/any/dotnet-trace.pdb",
        "tools/net6.0/any/dotnet-trace.runtimeconfig.json",
        "tools/net6.0/any/shims/osx-x64/dotnet-trace",
        "tools/net6.0/any/shims/win-arm/dotnet-trace.exe",
        "tools/net6.0/any/shims/win-x64/dotnet-trace.exe",
        "tools/net6.0/any/shims/win-x86/dotnet-trace.exe",
        "tools/net6.0/any/x86/KernelTraceControl.Win61.dll",
        "tools/net6.0/any/x86/KernelTraceControl.dll",
        "tools/net6.0/any/x86/msdia140.dll",
        "tools/net6.0/any/x86/msvcp140.dll",
        "tools/net6.0/any/x86/vcruntime140.dll"
      ]
    }
  },
  "projectFileDependencyGroups": {
    "net8.0": [
      "dotnet-trace >= 7.0.447801"
    ]
  },
  "packageFolders": {
    "/tools/.store/.stage/ks1scjvy.ugo": {}
  },
  "project": {
    "version": "1.0.0",
    "restore": {
      "projectUniqueName": "/tmp/ddea3a1b-c6e2-439c-9d46-70cca8ff7c3c/restore.csproj",
      "projectName": "restore",
      "projectPath": "/tmp/ddea3a1b-c6e2-439c-9d46-70cca8ff7c3c/restore.csproj",
      "packagesPath": "/tools/.store/.stage/ks1scjvy.ugo",
      "outputPath": "/tools/.store/.stage/ks1scjvy.ugo/",
      "projectStyle": "DotnetToolReference",
      "configFilePaths": [
        "/root/.nuget/NuGet/NuGet.Config"
      ],
      "originalTargetFrameworks": [
        "net8.0"
      ],
      "sources": {
        "https://api.nuget.org/v3/index.json": {}
      },
      "frameworks": {
        "net8.0": {
          "targetAlias": "net8.0",
          "projectReferences": {}
        }
      },
      "warningProperties": {
        "warnAsError": [
          "NU1605"
        ]
      }
    },
    "frameworks": {
      "net8.0": {
        "targetAlias": "net8.0",
        "dependencies": {
          "dotnet-trace": {
            "target": "Package",
            "version": "[7.0.447801, )"
          }
        },
        "imports": [
          "net461",
          "net462",
          "net47",
          "net471",
          "net472",
          "net48",
          "net481"
        ],
        "assetTargetFallback": true,
        "warn": true,
        "runtimeIdentifierGraphPath": "/usr/share/dotnet/sdk/8.0.100-rc.1.23463.5/PortableRuntimeIdentifierGraph.json"
      }
    },
    "runtimes": {
      "any": {
        "#import": []
      }
    }
  }
}