
Microsoft Visual Studio Solution File, Format Version 12.00
# Visual Studio Version 17
VisualStudioVersion = 17.7.34009.444
MinimumVisualStudioVersion = 10.0.40219.1
Project("{FAE04EC0-301F-11D3-BF4B-00C04F79EFBC}") = "DotnetTraceDocker.Api", "DotnetTraceDocker.Api\DotnetTraceDocker.Api.csproj", "{89C80219-DCED-41BB-B6F3-26A378CA059E}"
EndProject
Global
	GlobalSection(SolutionConfigurationPlatforms) = preSolution
		Debug|Any CPU = Debug|Any CPU
		Release|Any CPU = Release|Any CPU
	EndGlobalSection
	GlobalSection(ProjectConfigurationPlatforms) = postSolution
		{89C80219-DCED-41BB-B6F3-26A378CA059E}.Debug|Any CPU.ActiveCfg = Debug|Any CPU
		{89C80219-DCED-41BB-B6F3-26A378CA059E}.Debug|Any CPU.Build.0 = Debug|Any CPU
		{89C80219-DCED-41BB-B6F3-26A378CA059E}.Release|Any CPU.ActiveCfg = Release|Any CPU
		{89C80219-DCED-41BB-B6F3-26A378CA059E}.Release|Any CPU.Build.0 = Release|Any CPU
	EndGlobalSection
	GlobalSection(SolutionProperties) = preSolution
		HideSolutionNode = FALSE
	EndGlobalSection
	GlobalSection(ExtensibilityGlobals) = postSolution
		SolutionGuid = {57A7DF5B-BEFF-405E-BC77-FB2885933030}
	EndGlobalSection
EndGlobal
